
Microsoft Visual Studio Solution File, Format Version 12.00
# Visual Studio Version 17
VisualStudioVersion = 17.8.34322.80
MinimumVisualStudioVersion = 10.0.40219.1
Project("{888888A0-9F3D-457C-B088-3A5042F75D52}") = "novellasohr", "novellasohr\novellasohr.pyproj", "{30FC88CF-C530-4978-8D12-3CAFE5F990C8}"
EndProject
Global
	GlobalSection(SolutionConfigurationPlatforms) = preSolution
		Debug|Any CPU = Debug|Any CPU
		Release|Any CPU = Release|Any CPU
	EndGlobalSection
	GlobalSection(ProjectConfigurationPlatforms) = postSolution
		{30FC88CF-C530-4978-8D12-3CAFE5F990C8}.Debug|Any CPU.ActiveCfg = Debug|Any CPU
		{30FC88CF-C530-4978-8D12-3CAFE5F990C8}.Release|Any CPU.ActiveCfg = Release|Any CPU
	EndGlobalSection
	GlobalSection(SolutionProperties) = preSolution
		HideSolutionNode = FALSE
	EndGlobalSection
	GlobalSection(ExtensibilityGlobals) = postSolution
		SolutionGuid = {32F0A250-28FD-475F-B181-1FC2DC9298B7}
	EndGlobalSection
EndGlobal
